// !$*UTF8*$!
{
	archiveVersion = 1;
	classes = {
	};
	objectVersion = 46;
	objects = {

/* Begin PBXBuildFile section */
		580938691E489EE5009F6A0F /* Helper.swift in Sources */ = {isa = PBXBuildFile; fileRef = 580938681E489EE5009F6A0F /* Helper.swift */; };
		5809386B1E48A81E009F6A0F /* AppIcon.appiconset in Resources */ = {isa = PBXBuildFile; fileRef = 5809386A1E48A81E009F6A0F /* AppIcon.appiconset */; };
		5809386F1E48B81D009F6A0F /* GoogleService-Info .plist in Resources */ = {isa = PBXBuildFile; fileRef = 5809386E1E48B81D009F6A0F /* GoogleService-Info .plist */; };
		58C29F6A1E3C4B950044FE88 /* AppDelegate.swift in Sources */ = {isa = PBXBuildFile; fileRef = 58C29F691E3C4B950044FE88 /* AppDelegate.swift */; };
		58C29F6F1E3C4B950044FE88 /* Main.storyboard in Resources */ = {isa = PBXBuildFile; fileRef = 58C29F6D1E3C4B950044FE88 /* Main.storyboard */; };
		58C29F711E3C4B950044FE88 /* Assets.xcassets in Resources */ = {isa = PBXBuildFile; fileRef = 58C29F701E3C4B950044FE88 /* Assets.xcassets */; };
		58C29F741E3C4B950044FE88 /* LaunchScreen.storyboard in Resources */ = {isa = PBXBuildFile; fileRef = 58C29F721E3C4B950044FE88 /* LaunchScreen.storyboard */; };
		58C29F7C1E3C4C230044FE88 /* LoginViewController.swift in Sources */ = {isa = PBXBuildFile; fileRef = 58C29F7B1E3C4C230044FE88 /* LoginViewController.swift */; };
		58C29F7E1E3C4C320044FE88 /* ChatViewController.swift in Sources */ = {isa = PBXBuildFile; fileRef = 58C29F7D1E3C4C310044FE88 /* ChatViewController.swift */; };
		58C29F801E3C4E510044FE88 /* Resources-geekynerdychat in Resources */ = {isa = PBXBuildFile; fileRef = 58C29F7F1E3C4E510044FE88 /* Resources-geekynerdychat */; };
		58D9E51B1E48DE9500CED65F /* OrLine.png in Resources */ = {isa = PBXBuildFile; fileRef = 58D9E51A1E48DE9500CED65F /* OrLine.png */; };
		58D9E51D1E48DEA800CED65F /* OrLine.png in Resources */ = {isa = PBXBuildFile; fileRef = 58D9E51C1E48DEA800CED65F /* OrLine.png */; };
		58D9E51F1E48DEBC00CED65F /* OrLine.png in Resources */ = {isa = PBXBuildFile; fileRef = 58D9E51E1E48DEBC00CED65F /* OrLine.png */; };
		58D9E5211E48DEE200CED65F /* profileImage.png in Resources */ = {isa = PBXBuildFile; fileRef = 58D9E5201E48DEE200CED65F /* profileImage.png */; };
		7FEBFA7038392171E3A5EEC7 /* Pods_NerdyGeeky_Adda.framework in Frameworks */ = {isa = PBXBuildFile; fileRef = C93F3B7A1FA656E17102DEC3 /* Pods_NerdyGeeky_Adda.framework */; };
/* End PBXBuildFile section */

/* Begin PBXFileReference section */
		563D47D41A22F438CFC2336E /* Pods-NerdyGeeky Adda.release.xcconfig */ = {isa = PBXFileReference; includeInIndex = 1; lastKnownFileType = text.xcconfig; name = "Pods-NerdyGeeky Adda.release.xcconfig"; path = "Pods/Target Support Files/Pods-NerdyGeeky Adda/Pods-NerdyGeeky Adda.release.xcconfig"; sourceTree = "<group>"; };
		580938681E489EE5009F6A0F /* Helper.swift */ = {isa = PBXFileReference; fileEncoding = 4; lastKnownFileType = sourcecode.swift; path = Helper.swift; sourceTree = "<group>"; };
		5809386A1E48A81E009F6A0F /* AppIcon.appiconset */ = {isa = PBXFileReference; lastKnownFileType = folder; path = AppIcon.appiconset; sourceTree = "<group>"; };
		5809386E1E48B81D009F6A0F /* GoogleService-Info .plist */ = {isa = PBXFileReference; fileEncoding = 4; lastKnownFileType = text.plist.xml; path = "GoogleService-Info .plist"; sourceTree = "<group>"; };
		58C29F661E3C4B950044FE88 /* NerdyGeeky Adda.app */ = {isa = PBXFileReference; explicitFileType = wrapper.application; includeInIndex = 0; path = "NerdyGeeky Adda.app"; sourceTree = BUILT_PRODUCTS_DIR; };
		58C29F691E3C4B950044FE88 /* AppDelegate.swift */ = {isa = PBXFileReference; lastKnownFileType = sourcecode.swift; path = AppDelegate.swift; sourceTree = "<group>"; };
		58C29F6E1E3C4B950044FE88 /* Base */ = {isa = PBXFileReference; lastKnownFileType = file.storyboard; name = Base; path = Base.lproj/Main.storyboard; sourceTree = "<group>"; };
		58C29F701E3C4B950044FE88 /* Assets.xcassets */ = {isa = PBXFileReference; lastKnownFileType = folder.assetcatalog; path = Assets.xcassets; sourceTree = "<group>"; };
		58C29F731E3C4B950044FE88 /* Base */ = {isa = PBXFileReference; lastKnownFileType = file.storyboard; name = Base; path = Base.lproj/LaunchScreen.storyboard; sourceTree = "<group>"; };
		58C29F751E3C4B950044FE88 /* Info.plist */ = {isa = PBXFileReference; lastKnownFileType = text.plist.xml; path = Info.plist; sourceTree = "<group>"; };
		58C29F7B1E3C4C230044FE88 /* LoginViewController.swift */ = {isa = PBXFileReference; fileEncoding = 4; lastKnownFileType = sourcecode.swift; path = LoginViewController.swift; sourceTree = "<group>"; };
		58C29F7D1E3C4C310044FE88 /* ChatViewController.swift */ = {isa = PBXFileReference; fileEncoding = 4; lastKnownFileType = sourcecode.swift; path = ChatViewController.swift; sourceTree = "<group>"; };
		58C29F7F1E3C4E510044FE88 /* Resources-geekynerdychat */ = {isa = PBXFileReference; lastKnownFileType = folder; path = "Resources-geekynerdychat"; sourceTree = "<group>"; };
		58D9E51A1E48DE9500CED65F /* OrLine.png */ = {isa = PBXFileReference; lastKnownFileType = image.png; name = OrLine.png; path = "Resources-geekynerdychat/OrLine.png"; sourceTree = "<group>"; };
		58D9E51C1E48DEA800CED65F /* OrLine.png */ = {isa = PBXFileReference; lastKnownFileType = image.png; name = OrLine.png; path = "Resources-geekynerdychat/OrLine.png"; sourceTree = "<group>"; };
		58D9E51E1E48DEBC00CED65F /* OrLine.png */ = {isa = PBXFileReference; lastKnownFileType = image.png; name = OrLine.png; path = "Resources-geekynerdychat/OrLine.png"; sourceTree = "<group>"; };
		58D9E5201E48DEE200CED65F /* profileImage.png */ = {isa = PBXFileReference; lastKnownFileType = image.png; name = profileImage.png; path = "Resources-geekynerdychat/profileImage.png"; sourceTree = "<group>"; };
		C93F3B7A1FA656E17102DEC3 /* Pods_NerdyGeeky_Adda.framework */ = {isa = PBXFileReference; explicitFileType = wrapper.framework; includeInIndex = 0; path = Pods_NerdyGeeky_Adda.framework; sourceTree = BUILT_PRODUCTS_DIR; };
		D355CAD25369DA6E3C3271B7 /* Pods-NerdyGeeky Adda.debug.xcconfig */ = {isa = PBXFileReference; includeInIndex = 1; lastKnownFileType = text.xcconfig; name = "Pods-NerdyGeeky Adda.debug.xcconfig"; path = "Pods/Target Support Files/Pods-NerdyGeeky Adda/Pods-NerdyGeeky Adda.debug.xcconfig"; sourceTree = "<group>"; };
/* End PBXFileReference section */

/* Begin PBXFrameworksBuildPhase section */
		58C29F631E3C4B940044FE88 /* Frameworks */ = {
			isa = PBXFrameworksBuildPhase;
			buildActionMask = 2147483647;
			files = (
				7FEBFA7038392171E3A5EEC7 /* Pods_NerdyGeeky_Adda.framework in Frameworks */,
			);
			runOnlyForDeploymentPostprocessing = 0;
		};
/* End PBXFrameworksBuildPhase section */

/* Begin PBXGroup section */
		58C29F5D1E3C4B940044FE88 = {
			isa = PBXGroup;
			children = (
				58C29F681E3C4B950044FE88 /* NerdyGeeky Adda */,
				58C29F671E3C4B950044FE88 /* Products */,
				60BD5AB068D27933822C6442 /* Pods */,
				80E6493435C533A713591B06 /* Frameworks */,
			);
			sourceTree = "<group>";
		};
		58C29F671E3C4B950044FE88 /* Products */ = {
			isa = PBXGroup;
			children = (
				58C29F661E3C4B950044FE88 /* NerdyGeeky Adda.app */,
			);
			name = Products;
			sourceTree = "<group>";
		};
		58C29F681E3C4B950044FE88 /* NerdyGeeky Adda */ = {
			isa = PBXGroup;
			children = (
				58C29F691E3C4B950044FE88 /* AppDelegate.swift */,
				580938681E489EE5009F6A0F /* Helper.swift */,
				58D9E51A1E48DE9500CED65F /* OrLine.png */,
				58C29F7B1E3C4C230044FE88 /* LoginViewController.swift */,
				58D9E5201E48DEE200CED65F /* profileImage.png */,
				5809386E1E48B81D009F6A0F /* GoogleService-Info .plist */,
				58C29F7D1E3C4C310044FE88 /* ChatViewController.swift */,
				58C29F6D1E3C4B950044FE88 /* Main.storyboard */,
				5809386A1E48A81E009F6A0F /* AppIcon.appiconset */,
				58C29F701E3C4B950044FE88 /* Assets.xcassets */,
				58D9E51E1E48DEBC00CED65F /* OrLine.png */,
				58D9E51C1E48DEA800CED65F /* OrLine.png */,
				58C29F7F1E3C4E510044FE88 /* Resources-geekynerdychat */,
				58C29F721E3C4B950044FE88 /* LaunchScreen.storyboard */,
				58C29F751E3C4B950044FE88 /* Info.plist */,
			);
			path = "NerdyGeeky Adda";
			sourceTree = "<group>";
		};
		60BD5AB068D27933822C6442 /* Pods */ = {
			isa = PBXGroup;
			children = (
				D355CAD25369DA6E3C3271B7 /* Pods-NerdyGeeky Adda.debug.xcconfig */,
				563D47D41A22F438CFC2336E /* Pods-NerdyGeeky Adda.release.xcconfig */,
			);
			name = Pods;
			sourceTree = "<group>";
		};
		80E6493435C533A713591B06 /* Frameworks */ = {
			isa = PBXGroup;
			children = (
				C93F3B7A1FA656E17102DEC3 /* Pods_NerdyGeeky_Adda.framework */,
			);
			name = Frameworks;
			sourceTree = "<group>";
		};
/* End PBXGroup section */

/* Begin PBXNativeTarget section */
		58C29F651E3C4B940044FE88 /* NerdyGeeky Adda */ = {
			isa = PBXNativeTarget;
			buildConfigurationList = 58C29F781E3C4B950044FE88 /* Build configuration list for PBXNativeTarget "NerdyGeeky Adda" */;
			buildPhases = (
				C8D5B21623DCEE857FF8C359 /* [CP] Check Pods Manifest.lock */,
				58C29F621E3C4B940044FE88 /* Sources */,
				58C29F631E3C4B940044FE88 /* Frameworks */,
				58C29F641E3C4B940044FE88 /* Resources */,
				80BDF47F6B855F60FE54038A /* [CP] Embed Pods Frameworks */,
				3BCCA17C1C2B1540BF201184 /* [CP] Copy Pods Resources */,
			);
			buildRules = (
			);
			dependencies = (
			);
			name = "NerdyGeeky Adda";
			productName = "NerdyGeeky Adda";
			productReference = 58C29F661E3C4B950044FE88 /* NerdyGeeky Adda.app */;
			productType = "com.apple.product-type.application";
		};
/* End PBXNativeTarget section */

/* Begin PBXProject section */
		58C29F5E1E3C4B940044FE88 /* Project object */ = {
			isa = PBXProject;
			attributes = {
				LastSwiftUpdateCheck = 0820;
				LastUpgradeCheck = 0820;
				ORGANIZATIONNAME = "Nasir Uddin";
				TargetAttributes = {
					58C29F651E3C4B940044FE88 = {
						CreatedOnToolsVersion = 8.2.1;
						ProvisioningStyle = Automatic;
					};
				};
			};
			buildConfigurationList = 58C29F611E3C4B940044FE88 /* Build configuration list for PBXProject "NerdyGeeky Adda" */;
			compatibilityVersion = "Xcode 3.2";
			developmentRegion = English;
			hasScannedForEncodings = 0;
			knownRegions = (
				en,
				Base,
			);
			mainGroup = 58C29F5D1E3C4B940044FE88;
			productRefGroup = 58C29F671E3C4B950044FE88 /* Products */;
			projectDirPath = "";
			projectRoot = "";
			targets = (
				58C29F651E3C4B940044FE88 /* NerdyGeeky Adda */,
			);
		};
/* End PBXProject section */

/* Begin PBXResourcesBuildPhase section */
		58C29F641E3C4B940044FE88 /* Resources */ = {
			isa = PBXResourcesBuildPhase;
			buildActionMask = 2147483647;
			files = (
				58C29F741E3C4B950044FE88 /* LaunchScreen.storyboard in Resources */,
				5809386B1E48A81E009F6A0F /* AppIcon.appiconset in Resources */,
				58C29F711E3C4B950044FE88 /* Assets.xcassets in Resources */,
				58D9E5211E48DEE200CED65F /* profileImage.png in Resources */,
				58C29F6F1E3C4B950044FE88 /* Main.storyboard in Resources */,
				5809386F1E48B81D009F6A0F /* GoogleService-Info .plist in Resources */,
				58C29F801E3C4E510044FE88 /* Resources-geekynerdychat in Resources */,
				58D9E51D1E48DEA800CED65F /* OrLine.png in Resources */,
				58D9E51B1E48DE9500CED65F /* OrLine.png in Resources */,
				58D9E51F1E48DEBC00CED65F /* OrLine.png in Resources */,
			);
			runOnlyForDeploymentPostprocessing = 0;
		};
/* End PBXResourcesBuildPhase section */

/* Begin PBXShellScriptBuildPhase section */
		3BCCA17C1C2B1540BF201184 /* [CP] Copy Pods Resources */ = {
			isa = PBXShellScriptBuildPhase;
			buildActionMask = 2147483647;
			files = (
			);
			inputPaths = (
			);
			name = "[CP] Copy Pods Resources";
			outputPaths = (
			);
			runOnlyForDeploymentPostprocessing = 0;
			shellPath = /bin/sh;
			shellScript = "\"${SRCROOT}/Pods/Target Support Files/Pods-NerdyGeeky Adda/Pods-NerdyGeeky Adda-resources.sh\"\n";
			showEnvVarsInLog = 0;
		};
		80BDF47F6B855F60FE54038A /* [CP] Embed Pods Frameworks */ = {
			isa = PBXShellScriptBuildPhase;
			buildActionMask = 2147483647;
			files = (
			);
			inputPaths = (
			);
			name = "[CP] Embed Pods Frameworks";
			outputPaths = (
			);
			runOnlyForDeploymentPostprocessing = 0;
			shellPath = /bin/sh;
			shellScript = "\"${SRCROOT}/Pods/Target Support Files/Pods-NerdyGeeky Adda/Pods-NerdyGeeky Adda-frameworks.sh\"\n";
			showEnvVarsInLog = 0;
		};
		C8D5B21623DCEE857FF8C359 /* [CP] Check Pods Manifest.lock */ = {
			isa = PBXShellScriptBuildPhase;
			buildActionMask = 2147483647;
			files = (
			);
			inputPaths = (
			);
			name = "[CP] Check Pods Manifest.lock";
			outputPaths = (
			);
			runOnlyForDeploymentPostprocessing = 0;
			shellPath = /bin/sh;
			shellScript = "diff \"${PODS_ROOT}/../Podfile.lock\" \"${PODS_ROOT}/Manifest.lock\" > /dev/null\nif [ $? != 0 ] ; then\n    # print error to STDERR\n    echo \"error: The sandbox is not in sync with the Podfile.lock. Run 'pod install' or update your CocoaPods installation.\" >&2\n    exit 1\nfi\n";
			showEnvVarsInLog = 0;
		};
/* End PBXShellScriptBuildPhase section */

/* Begin PBXSourcesBuildPhase section */
		58C29F621E3C4B940044FE88 /* Sources */ = {
			isa = PBXSourcesBuildPhase;
			buildActionMask = 2147483647;
			files = (
				58C29F7C1E3C4C230044FE88 /* LoginViewController.swift in Sources */,
				58C29F7E1E3C4C320044FE88 /* ChatViewController.swift in Sources */,
				58C29F6A1E3C4B950044FE88 /* AppDelegate.swift in Sources */,
				580938691E489EE5009F6A0F /* Helper.swift in Sources */,
			);
			runOnlyForDeploymentPostprocessing = 0;
		};
/* End PBXSourcesBuildPhase section */

/* Begin PBXVariantGroup section */
		58C29F6D1E3C4B950044FE88 /* Main.storyboard */ = {
			isa = PBXVariantGroup;
			children = (
				58C29F6E1E3C4B950044FE88 /* Base */,
			);
			name = Main.storyboard;
			sourceTree = "<group>";
		};
		58C29F721E3C4B950044FE88 /* LaunchScreen.storyboard */ = {
			isa = PBXVariantGroup;
			children = (
				58C29F731E3C4B950044FE88 /* Base */,
			);
			name = LaunchScreen.storyboard;
			sourceTree = "<group>";
		};
/* End PBXVariantGroup section */

/* Begin XCBuildConfiguration section */
		58C29F761E3C4B950044FE88 /* Debug */ = {
			isa = XCBuildConfiguration;
			buildSettings = {
				ALWAYS_SEARCH_USER_PATHS = NO;
				CLANG_ANALYZER_NONNULL = YES;
				CLANG_CXX_LANGUAGE_STANDARD = "gnu++0x";
				CLANG_CXX_LIBRARY = "libc++";
				CLANG_ENABLE_MODULES = YES;
				CLANG_ENABLE_OBJC_ARC = YES;
				CLANG_WARN_BOOL_CONVERSION = YES;
				CLANG_WARN_CONSTANT_CONVERSION = YES;
				CLANG_WARN_DIRECT_OBJC_ISA_USAGE = YES_ERROR;
				CLANG_WARN_DOCUMENTATION_COMMENTS = YES;
				CLANG_WARN_EMPTY_BODY = YES;
				CLANG_WARN_ENUM_CONVERSION = YES;
				CLANG_WARN_INFINITE_RECURSION = YES;
				CLANG_WARN_INT_CONVERSION = YES;
				CLANG_WARN_OBJC_ROOT_CLASS = YES_ERROR;
				CLANG_WARN_SUSPICIOUS_MOVE = YES;
				CLANG_WARN_UNREACHABLE_CODE = YES;
				CLANG_WARN__DUPLICATE_METHOD_MATCH = YES;
				"CODE_SIGN_IDENTITY[sdk=iphoneos*]" = "iPhone Developer";
				COPY_PHASE_STRIP = NO;
				DEBUG_INFORMATION_FORMAT = dwarf;
				ENABLE_STRICT_OBJC_MSGSEND = YES;
				ENABLE_TESTABILITY = YES;
				GCC_C_LANGUAGE_STANDARD = gnu99;
				GCC_DYNAMIC_NO_PIC = NO;
				GCC_NO_COMMON_BLOCKS = YES;
				GCC_OPTIMIZATION_LEVEL = 0;
				GCC_PREPROCESSOR_DEFINITIONS = (
					"DEBUG=1",
					"$(inherited)",
				);
				GCC_WARN_64_TO_32_BIT_CONVERSION = YES;
				GCC_WARN_ABOUT_RETURN_TYPE = YES_ERROR;
				GCC_WARN_UNDECLARED_SELECTOR = YES;
				GCC_WARN_UNINITIALIZED_AUTOS = YES_AGGRESSIVE;
				GCC_WARN_UNUSED_FUNCTION = YES;
				GCC_WARN_UNUSED_VARIABLE = YES;
				IPHONEOS_DEPLOYMENT_TARGET = 10.2;
				MTL_ENABLE_DEBUG_INFO = YES;
				ONLY_ACTIVE_ARCH = YES;
				SDKROOT = iphoneos;
				SWIFT_ACTIVE_COMPILATION_CONDITIONS = DEBUG;
				SWIFT_OPTIMIZATION_LEVEL = "-Onone";
			};
			name = Debug;
		};
		58C29F771E3C4B950044FE88 /* Release */ = {
			isa = XCBuildConfiguration;
			buildSettings = {
				ALWAYS_SEARCH_USER_PATHS = NO;
				CLANG_ANALYZER_NONNULL = YES;
				CLANG_CXX_LANGUAGE_STANDARD = "gnu++0x";
				CLANG_CXX_LIBRARY = "libc++";
				CLANG_ENABLE_MODULES = YES;
				CLANG_ENABLE_OBJC_ARC = YES;
				CLANG_WARN_BOOL_CONVERSION = YES;
				CLANG_WARN_CONSTANT_CONVERSION = YES;
				CLANG_WARN_DIRECT_OBJC_ISA_USAGE = YES_ERROR;
				CLANG_WARN_DOCUMENTATION_COMMENTS = YES;
				CLANG_WARN_EMPTY_BODY = YES;
				CLANG_WARN_ENUM_CONVERSION = YES;
				CLANG_WARN_INFINITE_RECURSION = YES;
				CLANG_WARN_INT_CONVERSION = YES;
				CLANG_WARN_OBJC_ROOT_CLASS = YES_ERROR;
				CLANG_WARN_SUSPICIOUS_MOVE = YES;
				CLANG_WARN_UNREACHABLE_CODE = YES;
				CLANG_WARN__DUPLICATE_METHOD_MATCH = YES;
				"CODE_SIGN_IDENTITY[sdk=iphoneos*]" = "iPhone Developer";
				COPY_PHASE_STRIP = NO;
				DEBUG_INFORMATION_FORMAT = "dwarf-with-dsym";
				ENABLE_NS_ASSERTIONS = NO;
				ENABLE_STRICT_OBJC_MSGSEND = YES;
				GCC_C_LANGUAGE_STANDARD = gnu99;
				GCC_NO_COMMON_BLOCKS = YES;
				GCC_WARN_64_TO_32_BIT_CONVERSION = YES;
				GCC_WARN_ABOUT_RETURN_TYPE = YES_ERROR;
				GCC_WARN_UNDECLARED_SELECTOR = YES;
				GCC_WARN_UNINITIALIZED_AUTOS = YES_AGGRESSIVE;
				GCC_WARN_UNUSED_FUNCTION = YES;
				GCC_WARN_UNUSED_VARIABLE = YES;
				IPHONEOS_DEPLOYMENT_TARGET = 10.2;
				MTL_ENABLE_DEBUG_INFO = NO;
				SDKROOT = iphoneos;
				SWIFT_OPTIMIZATION_LEVEL = "-Owholemodule";
				VALIDATE_PRODUCT = YES;
			};
			name = Release;
		};
		58C29F791E3C4B950044FE88 /* Debug */ = {
			isa = XCBuildConfiguration;
			baseConfigurationReference = D355CAD25369DA6E3C3271B7 /* Pods-NerdyGeeky Adda.debug.xcconfig */;
			buildSettings = {
				ASSETCATALOG_COMPILER_APPICON_NAME = AppIcon;
				INFOPLIST_FILE = "NerdyGeeky Adda/Info.plist";
				LD_RUNPATH_SEARCH_PATHS = "$(inherited) @executable_path/Frameworks";
				PRODUCT_BUNDLE_IDENTIFIER = "https---github.com-nasirtrekker.NerdyGeeky-Adda";
				PRODUCT_NAME = "$(TARGET_NAME)";
				SWIFT_VERSION = 3.0;
			};
			name = Debug;
		};
		58C29F7A1E3C4B950044FE88 /* Release */ = {
			isa = XCBuildConfiguration;
			baseConfigurationReference = 563D47D41A22F438CFC2336E /* Pods-NerdyGeeky Adda.release.xcconfig */;
			buildSettings = {
				ASSETCATALOG_COMPILER_APPICON_NAME = AppIcon;
				INFOPLIST_FILE = "NerdyGeeky Adda/Info.plist";
				LD_RUNPATH_SEARCH_PATHS = "$(inherited) @executable_path/Frameworks";
				PRODUCT_BUNDLE_IDENTIFIER = "https---github.com-nasirtrekker.NerdyGeeky-Adda";
				PRODUCT_NAME = "$(TARGET_NAME)";
				SWIFT_VERSION = 3.0;
			};
			name = Release;
		};
/* End XCBuildConfiguration section */

/* Begin XCConfigurationList section */
		58C29F611E3C4B940044FE88 /* Build configuration list for PBXProject "NerdyGeeky Adda" */ = {
			isa = XCConfigurationList;
			buildConfigurations = (
				58C29F761E3C4B950044FE88 /* Debug */,
				58C29F771E3C4B950044FE88 /* Release */,
			);
			defaultConfigurationIsVisible = 0;
			defaultConfigurationName = Release;
		};
		58C29F781E3C4B950044FE88 /* Build configuration list for PBXNativeTarget "NerdyGeeky Adda" */ = {
			isa = XCConfigurationList;
			buildConfigurations = (
				58C29F791E3C4B950044FE88 /* Debug */,
				58C29F7A1E3C4B950044FE88 /* Release */,
			);
			defaultConfigurationIsVisible = 0;
			defaultConfigurationName = Release;
		};
/* End XCConfigurationList section */
	};
	rootObject = 58C29F5E1E3C4B940044FE88 /* Project object */;
}
